
Microsoft Visual Studio Solution File, Format Version 12.00
# Visual Studio Version 17
VisualStudioVersion = 17.7.34018.315
MinimumVisualStudioVersion = 10.0.40219.1
Project("{FAE04EC0-301F-11D3-BF4B-00C04F79EFBC}") = "ośka", "ośka.csproj", "{815AD1FD-A015-4954-A22C-BF820CBA074E}"
EndProject
Global
	GlobalSection(SolutionConfigurationPlatforms) = preSolution
		Debug|Any CPU = Debug|Any CPU
		Release|Any CPU = Release|Any CPU
	EndGlobalSection
	GlobalSection(ProjectConfigurationPlatforms) = postSolution
		{815AD1FD-A015-4954-A22C-BF820CBA074E}.Debug|Any CPU.ActiveCfg = Debug|Any CPU
		{815AD1FD-A015-4954-A22C-BF820CBA074E}.Debug|Any CPU.Build.0 = Debug|Any CPU
		{815AD1FD-A015-4954-A22C-BF820CBA074E}.Release|Any CPU.ActiveCfg = Release|Any CPU
		{815AD1FD-A015-4954-A22C-BF820CBA074E}.Release|Any CPU.Build.0 = Release|Any CPU
	EndGlobalSection
	GlobalSection(SolutionProperties) = preSolution
		HideSolutionNode = FALSE
	EndGlobalSection
	GlobalSection(ExtensibilityGlobals) = postSolution
		SolutionGuid = {814D035E-179F-4032-8701-73EC1A565772}
	EndGlobalSection
EndGlobal
